
Microsoft Visual Studio Solution File, Format Version 12.00
# Visual Studio 15
VisualStudioVersion = 15.0.27004.2002
MinimumVisualStudioVersion = 10.0.40219.1
Project("{930C7802-8A8C-48F9-8165-68863BCCD9DD}") = "Traffic Control Setup", "Traffic Control Setup\Traffic Control Setup.wixproj", "{EE40DD58-D97F-4F23-B0F0-60F6BA98CB20}"
EndProject
Project("{FAE04EC0-301F-11D3-BF4B-00C04F79EFBC}") = "Traffic Control", "Traffic Control\Traffic Control.csproj", "{02ABA90A-6EBC-4ABD-9509-174DFAE9A1DE}"
EndProject
Global
	GlobalSection(SolutionConfigurationPlatforms) = preSolution
		Debug|Any CPU = Debug|Any CPU
		Debug|x64 = Debug|x64
		QA|Any CPU = QA|Any CPU
		QA|x64 = QA|x64
		Release|Any CPU = Release|Any CPU
		Release|x64 = Release|x64
	EndGlobalSection
	GlobalSection(ProjectConfigurationPlatforms) = postSolution
		{EE40DD58-D97F-4F23-B0F0-60F6BA98CB20}.Debug|Any CPU.ActiveCfg = Debug|x64
		{EE40DD58-D97F-4F23-B0F0-60F6BA98CB20}.Debug|x64.ActiveCfg = Debug|x64
		{EE40DD58-D97F-4F23-B0F0-60F6BA98CB20}.QA|Any CPU.ActiveCfg = Release|x64
		{EE40DD58-D97F-4F23-B0F0-60F6BA98CB20}.QA|x64.ActiveCfg = Release|x64
		{EE40DD58-D97F-4F23-B0F0-60F6BA98CB20}.Release|Any CPU.ActiveCfg = Release|x64
		{EE40DD58-D97F-4F23-B0F0-60F6BA98CB20}.Release|x64.ActiveCfg = Release|x64
		{EE40DD58-D97F-4F23-B0F0-60F6BA98CB20}.Release|x64.Build.0 = Release|x64
		{02ABA90A-6EBC-4ABD-9509-174DFAE9A1DE}.Debug|Any CPU.ActiveCfg = Debug|Any CPU
		{02ABA90A-6EBC-4ABD-9509-174DFAE9A1DE}.Debug|Any CPU.Build.0 = Debug|Any CPU
		{02ABA90A-6EBC-4ABD-9509-174DFAE9A1DE}.Debug|x64.ActiveCfg = Debug|x64
		{02ABA90A-6EBC-4ABD-9509-174DFAE9A1DE}.Debug|x64.Build.0 = Debug|x64
		{02ABA90A-6EBC-4ABD-9509-174DFAE9A1DE}.QA|Any CPU.ActiveCfg = QA|x64
		{02ABA90A-6EBC-4ABD-9509-174DFAE9A1DE}.QA|Any CPU.Build.0 = QA|x64
		{02ABA90A-6EBC-4ABD-9509-174DFAE9A1DE}.QA|x64.ActiveCfg = QA|x64
		{02ABA90A-6EBC-4ABD-9509-174DFAE9A1DE}.QA|x64.Build.0 = QA|x64
		{02ABA90A-6EBC-4ABD-9509-174DFAE9A1DE}.Release|Any CPU.ActiveCfg = Release|Any CPU
		{02ABA90A-6EBC-4ABD-9509-174DFAE9A1DE}.Release|Any CPU.Build.0 = Release|Any CPU
		{02ABA90A-6EBC-4ABD-9509-174DFAE9A1DE}.Release|x64.ActiveCfg = Release|Any CPU
		{02ABA90A-6EBC-4ABD-9509-174DFAE9A1DE}.Release|x64.Build.0 = Release|Any CPU
	EndGlobalSection
	GlobalSection(SolutionProperties) = preSolution
		HideSolutionNode = FALSE
	EndGlobalSection
	GlobalSection(ExtensibilityGlobals) = postSolution
		SolutionGuid = {F7EB2C8E-7806-48D6-9A9B-CCD4EB972C7B}
	EndGlobalSection
EndGlobal
